// !$*UTF8*$!
{
	archiveVersion = 1;
	classes = {
	};
	objectVersion = 56;
	objects = {

/* Begin PBXBuildFile section */
		CE9335AE2BA870C600657053 /* LocationsView.swift in Sources */ = {isa = PBXBuildFile; fileRef = CE9335AD2BA870C600657053 /* LocationsView.swift */; };
		CE9335B02BA8732800657053 /* LocationMapAnnotionView.swift in Sources */ = {isa = PBXBuildFile; fileRef = CE9335AF2BA8732800657053 /* LocationMapAnnotionView.swift */; };
		CE9335B22BA87ED500657053 /* LocationListView.swift in Sources */ = {isa = PBXBuildFile; fileRef = CE9335B12BA87ED500657053 /* LocationListView.swift */; };
		CE9335B42BA8850400657053 /* LocationPreviewView.swift in Sources */ = {isa = PBXBuildFile; fileRef = CE9335B32BA8850400657053 /* LocationPreviewView.swift */; };
		CE9335B62BA88D6D00657053 /* LocationDetailView.swift in Sources */ = {isa = PBXBuildFile; fileRef = CE9335B52BA88D6D00657053 /* LocationDetailView.swift */; };
		CE9FA53C2BA7CEB400F25504 /* MapDestinationV2App.swift in Sources */ = {isa = PBXBuildFile; fileRef = CE9FA53B2BA7CEB400F25504 /* MapDestinationV2App.swift */; };
		CE9FA53E2BA7CEB400F25504 /* ContentView.swift in Sources */ = {isa = PBXBuildFile; fileRef = CE9FA53D2BA7CEB400F25504 /* ContentView.swift */; };
		CE9FA5402BA7CEB400F25504 /* Item.swift in Sources */ = {isa = PBXBuildFile; fileRef = CE9FA53F2BA7CEB400F25504 /* Item.swift */; };
		CE9FA5422BA7CEB700F25504 /* Assets.xcassets in Resources */ = {isa = PBXBuildFile; fileRef = CE9FA5412BA7CEB700F25504 /* Assets.xcassets */; };
		CE9FA5462BA7CEB700F25504 /* Preview Assets.xcassets in Resources */ = {isa = PBXBuildFile; fileRef = CE9FA5452BA7CEB700F25504 /* Preview Assets.xcassets */; };
		CE9FA54E2BA7CEFF00F25504 /* Location.swift in Sources */ = {isa = PBXBuildFile; fileRef = CE9FA54D2BA7CEFF00F25504 /* Location.swift */; };
		CE9FA5512BA7D04400F25504 /* LocationDataService.swift in Sources */ = {isa = PBXBuildFile; fileRef = CE9FA5502BA7D04400F25504 /* LocationDataService.swift */; };
		CE9FA5542BA81E4200F25504 /* LocationViewModel.swift in Sources */ = {isa = PBXBuildFile; fileRef = CE9FA5532BA81E4200F25504 /* LocationViewModel.swift */; };
/* End PBXBuildFile section */

/* Begin PBXFileReference section */
		CE9335AD2BA870C600657053 /* LocationsView.swift */ = {isa = PBXFileReference; lastKnownFileType = sourcecode.swift; path = LocationsView.swift; sourceTree = "<group>"; };
		CE9335AF2BA8732800657053 /* LocationMapAnnotionView.swift */ = {isa = PBXFileReference; lastKnownFileType = sourcecode.swift; path = LocationMapAnnotionView.swift; sourceTree = "<group>"; };
		CE9335B12BA87ED500657053 /* LocationListView.swift */ = {isa = PBXFileReference; lastKnownFileType = sourcecode.swift; path = LocationListView.swift; sourceTree = "<group>"; };
		CE9335B32BA8850400657053 /* LocationPreviewView.swift */ = {isa = PBXFileReference; lastKnownFileType = sourcecode.swift; path = LocationPreviewView.swift; sourceTree = "<group>"; };
		CE9335B52BA88D6D00657053 /* LocationDetailView.swift */ = {isa = PBXFileReference; lastKnownFileType = sourcecode.swift; path = LocationDetailView.swift; sourceTree = "<group>"; };
		CE9FA5382BA7CEB400F25504 /* MapDestinationV2.app */ = {isa = PBXFileReference; explicitFileType = wrapper.application; includeInIndex = 0; path = MapDestinationV2.app; sourceTree = BUILT_PRODUCTS_DIR; };
		CE9FA53B2BA7CEB400F25504 /* MapDestinationV2App.swift */ = {isa = PBXFileReference; lastKnownFileType = sourcecode.swift; path = MapDestinationV2App.swift; sourceTree = "<group>"; };
		CE9FA53D2BA7CEB400F25504 /* ContentView.swift */ = {isa = PBXFileReference; lastKnownFileType = sourcecode.swift; path = ContentView.swift; sourceTree = "<group>"; };
		CE9FA53F2BA7CEB400F25504 /* Item.swift */ = {isa = PBXFileReference; lastKnownFileType = sourcecode.swift; path = Item.swift; sourceTree = "<group>"; };
		CE9FA5412BA7CEB700F25504 /* Assets.xcassets */ = {isa = PBXFileReference; lastKnownFileType = folder.assetcatalog; path = Assets.xcassets; sourceTree = "<group>"; };
		CE9FA5432BA7CEB700F25504 /* MapDestinationV2.entitlements */ = {isa = PBXFileReference; lastKnownFileType = text.plist.entitlements; path = MapDestinationV2.entitlements; sourceTree = "<group>"; };
		CE9FA5452BA7CEB700F25504 /* Preview Assets.xcassets */ = {isa = PBXFileReference; lastKnownFileType = folder.assetcatalog; path = "Preview Assets.xcassets"; sourceTree = "<group>"; };
		CE9FA54D2BA7CEFF00F25504 /* Location.swift */ = {isa = PBXFileReference; lastKnownFileType = sourcecode.swift; path = Location.swift; sourceTree = "<group>"; };
		CE9FA5502BA7D04400F25504 /* LocationDataService.swift */ = {isa = PBXFileReference; lastKnownFileType = sourcecode.swift; path = LocationDataService.swift; sourceTree = "<group>"; };
		CE9FA5532BA81E4200F25504 /* LocationViewModel.swift */ = {isa = PBXFileReference; lastKnownFileType = sourcecode.swift; path = LocationViewModel.swift; sourceTree = "<group>"; };
/* End PBXFileReference section */

/* Begin PBXFrameworksBuildPhase section */
		CE9FA5352BA7CEB400F25504 /* Frameworks */ = {
			isa = PBXFrameworksBuildPhase;
			buildActionMask = 2147483647;
			files = (
			);
			runOnlyForDeploymentPostprocessing = 0;
		};
/* End PBXFrameworksBuildPhase section */

/* Begin PBXGroup section */
		CE9335AC2BA870B000657053 /* View */ = {
			isa = PBXGroup;
			children = (
				CE9335AD2BA870C600657053 /* LocationsView.swift */,
				CE9335AF2BA8732800657053 /* LocationMapAnnotionView.swift */,
				CE9335B12BA87ED500657053 /* LocationListView.swift */,
				CE9335B32BA8850400657053 /* LocationPreviewView.swift */,
				CE9335B52BA88D6D00657053 /* LocationDetailView.swift */,
			);
			path = View;
			sourceTree = "<group>";
		};
		CE9FA52F2BA7CEB400F25504 = {
			isa = PBXGroup;
			children = (
				CE9FA53A2BA7CEB400F25504 /* MapDestinationV2 */,
				CE9FA5392BA7CEB400F25504 /* Products */,
			);
			sourceTree = "<group>";
		};
		CE9FA5392BA7CEB400F25504 /* Products */ = {
			isa = PBXGroup;
			children = (
				CE9FA5382BA7CEB400F25504 /* MapDestinationV2.app */,
			);
			name = Products;
			sourceTree = "<group>";
		};
		CE9FA53A2BA7CEB400F25504 /* MapDestinationV2 */ = {
			isa = PBXGroup;
			children = (
				CE9335AC2BA870B000657053 /* View */,
				CE9FA5522BA81E2900F25504 /* ViewModel */,
				CE9FA54F2BA7D02E00F25504 /* DataServices */,
				CE9FA54C2BA7CEEB00F25504 /* Models */,
				CE9FA53B2BA7CEB400F25504 /* MapDestinationV2App.swift */,
				CE9FA53D2BA7CEB400F25504 /* ContentView.swift */,
				CE9FA53F2BA7CEB400F25504 /* Item.swift */,
				CE9FA5412BA7CEB700F25504 /* Assets.xcassets */,
				CE9FA5432BA7CEB700F25504 /* MapDestinationV2.entitlements */,
				CE9FA5442BA7CEB700F25504 /* Preview Content */,
			);
			path = MapDestinationV2;
			sourceTree = "<group>";
		};
		CE9FA5442BA7CEB700F25504 /* Preview Content */ = {
			isa = PBXGroup;
			children = (
				CE9FA5452BA7CEB700F25504 /* Preview Assets.xcassets */,
			);
			path = "Preview Content";
			sourceTree = "<group>";
		};
		CE9FA54C2BA7CEEB00F25504 /* Models */ = {
			isa = PBXGroup;
			children = (
				CE9FA54D2BA7CEFF00F25504 /* Location.swift */,
			);
			path = Models;
			sourceTree = "<group>";
		};
		CE9FA54F2BA7D02E00F25504 /* DataServices */ = {
			isa = PBXGroup;
			children = (
				CE9FA5502BA7D04400F25504 /* LocationDataService.swift */,
			);
			path = DataServices;
			sourceTree = "<group>";
		};
		CE9FA5522BA81E2900F25504 /* ViewModel */ = {
			isa = PBXGroup;
			children = (
				CE9FA5532BA81E4200F25504 /* LocationViewModel.swift */,
			);
			path = ViewModel;
			sourceTree = "<group>";
		};
/* End PBXGroup section */

/* Begin PBXNativeTarget section */
		CE9FA5372BA7CEB400F25504 /* MapDestinationV2 */ = {
			isa = PBXNativeTarget;
			buildConfigurationList = CE9FA5492BA7CEB700F25504 /* Build configuration list for PBXNativeTarget "MapDestinationV2" */;
			buildPhases = (
				CE9FA5342BA7CEB400F25504 /* Sources */,
				CE9FA5352BA7CEB400F25504 /* Frameworks */,
				CE9FA5362BA7CEB400F25504 /* Resources */,
			);
			buildRules = (
			);
			dependencies = (
			);
			name = MapDestinationV2;
			productName = MapDestinationV2;
			productReference = CE9FA5382BA7CEB400F25504 /* MapDestinationV2.app */;
			productType = "com.apple.product-type.application";
		};
/* End PBXNativeTarget section */

/* Begin PBXProject section */
		CE9FA5302BA7CEB400F25504 /* Project object */ = {
			isa = PBXProject;
			attributes = {
				BuildIndependentTargetsInParallel = 1;
				LastSwiftUpdateCheck = 1530;
				LastUpgradeCheck = 1530;
				TargetAttributes = {
					CE9FA5372BA7CEB400F25504 = {
						CreatedOnToolsVersion = 15.3;
					};
				};
			};
			buildConfigurationList = CE9FA5332BA7CEB400F25504 /* Build configuration list for PBXProject "MapDestinationV2" */;
			compatibilityVersion = "Xcode 14.0";
			developmentRegion = en;
			hasScannedForEncodings = 0;
			knownRegions = (
				en,
				Base,
			);
			mainGroup = CE9FA52F2BA7CEB400F25504;
			productRefGroup = CE9FA5392BA7CEB400F25504 /* Products */;
			projectDirPath = "";
			projectRoot = "";
			targets = (
				CE9FA5372BA7CEB400F25504 /* MapDestinationV2 */,
			);
		};
/* End PBXProject section */

/* Begin PBXResourcesBuildPhase section */
		CE9FA5362BA7CEB400F25504 /* Resources */ = {
			isa = PBXResourcesBuildPhase;
			buildActionMask = 2147483647;
			files = (
				CE9FA5462BA7CEB700F25504 /* Preview Assets.xcassets in Resources */,
				CE9FA5422BA7CEB700F25504 /* Assets.xcassets in Resources */,
			);
			runOnlyForDeploymentPostprocessing = 0;
		};
/* End PBXResourcesBuildPhase section */

/* Begin PBXSourcesBuildPhase section */
		CE9FA5342BA7CEB400F25504 /* Sources */ = {
			isa = PBXSourcesBuildPhase;
			buildActionMask = 2147483647;
			files = (
				CE9335B22BA87ED500657053 /* LocationListView.swift in Sources */,
				CE9335B02BA8732800657053 /* LocationMapAnnotionView.swift in Sources */,
				CE9335B62BA88D6D00657053 /* LocationDetailView.swift in Sources */,
				CE9FA5512BA7D04400F25504 /* LocationDataService.swift in Sources */,
				CE9FA5542BA81E4200F25504 /* LocationViewModel.swift in Sources */,
				CE9FA53E2BA7CEB400F25504 /* ContentView.swift in Sources */,
				CE9FA5402BA7CEB400F25504 /* Item.swift in Sources */,
				CE9FA54E2BA7CEFF00F25504 /* Location.swift in Sources */,
				CE9FA53C2BA7CEB400F25504 /* MapDestinationV2App.swift in Sources */,
				CE9335B42BA8850400657053 /* LocationPreviewView.swift in Sources */,
				CE9335AE2BA870C600657053 /* LocationsView.swift in Sources */,
			);
			runOnlyForDeploymentPostprocessing = 0;
		};
/* End PBXSourcesBuildPhase section */

/* Begin XCBuildConfiguration section */
		CE9FA5472BA7CEB700F25504 /* Debug */ = {
			isa = XCBuildConfiguration;
			buildSettings = {
				ALWAYS_SEARCH_USER_PATHS = NO;
				ASSETCATALOG_COMPILER_GENERATE_SWIFT_ASSET_SYMBOL_EXTENSIONS = YES;
				CLANG_ANALYZER_NONNULL = YES;
				CLANG_ANALYZER_NUMBER_OBJECT_CONVERSION = YES_AGGRESSIVE;
				CLANG_CXX_LANGUAGE_STANDARD = "gnu++20";
				CLANG_ENABLE_MODULES = YES;
				CLANG_ENABLE_OBJC_ARC = YES;
				CLANG_ENABLE_OBJC_WEAK = YES;
				CLANG_WARN_BLOCK_CAPTURE_AUTORELEASING = YES;
				CLANG_WARN_BOOL_CONVERSION = YES;
				CLANG_WARN_COMMA = YES;
				CLANG_WARN_CONSTANT_CONVERSION = YES;
				CLANG_WARN_DEPRECATED_OBJC_IMPLEMENTATIONS = YES;
				CLANG_WARN_DIRECT_OBJC_ISA_USAGE = YES_ERROR;
				CLANG_WARN_DOCUMENTATION_COMMENTS = YES;
				CLANG_WARN_EMPTY_BODY = YES;
				CLANG_WARN_ENUM_CONVERSION = YES;
				CLANG_WARN_INFINITE_RECURSION = YES;
				CLANG_WARN_INT_CONVERSION = YES;
				CLANG_WARN_NON_LITERAL_NULL_CONVERSION = YES;
				CLANG_WARN_OBJC_IMPLICIT_RETAIN_SELF = YES;
				CLANG_WARN_OBJC_LITERAL_CONVERSION = YES;
				CLANG_WARN_OBJC_ROOT_CLASS = YES_ERROR;
				CLANG_WARN_QUOTED_INCLUDE_IN_FRAMEWORK_HEADER = YES;
				CLANG_WARN_RANGE_LOOP_ANALYSIS = YES;
				CLANG_WARN_STRICT_PROTOTYPES = YES;
				CLANG_WARN_SUSPICIOUS_MOVE = YES;
				CLANG_WARN_UNGUARDED_AVAILABILITY = YES_AGGRESSIVE;
				CLANG_WARN_UNREACHABLE_CODE = YES;
				CLANG_WARN__DUPLICATE_METHOD_MATCH = YES;
				COPY_PHASE_STRIP = NO;
				DEBUG_INFORMATION_FORMAT = dwarf;
				ENABLE_STRICT_OBJC_MSGSEND = YES;
				ENABLE_TESTABILITY = YES;
				ENABLE_USER_SCRIPT_SANDBOXING = YES;
				GCC_C_LANGUAGE_STANDARD = gnu17;
				GCC_DYNAMIC_NO_PIC = NO;
				GCC_NO_COMMON_BLOCKS = YES;
				GCC_OPTIMIZATION_LEVEL = 0;
				GCC_PREPROCESSOR_DEFINITIONS = (
					"DEBUG=1",
					"$(inherited)",
				);
				GCC_WARN_64_TO_32_BIT_CONVERSION = YES;
				GCC_WARN_ABOUT_RETURN_TYPE = YES_ERROR;
				GCC_WARN_UNDECLARED_SELECTOR = YES;
				GCC_WARN_UNINITIALIZED_AUTOS = YES_AGGRESSIVE;
				GCC_WARN_UNUSED_FUNCTION = YES;
				GCC_WARN_UNUSED_VARIABLE = YES;
				LOCALIZATION_PREFERS_STRING_CATALOGS = YES;
				MTL_ENABLE_DEBUG_INFO = INCLUDE_SOURCE;
				MTL_FAST_MATH = YES;
				ONLY_ACTIVE_ARCH = YES;
				SWIFT_ACTIVE_COMPILATION_CONDITIONS = "DEBUG $(inherited)";
				SWIFT_OPTIMIZATION_LEVEL = "-Onone";
			};
			name = Debug;
		};
		CE9FA5482BA7CEB700F25504 /* Release */ = {
			isa = XCBuildConfiguration;
			buildSettings = {
				ALWAYS_SEARCH_USER_PATHS = NO;
				ASSETCATALOG_COMPILER_GENERATE_SWIFT_ASSET_SYMBOL_EXTENSIONS = YES;
				CLANG_ANALYZER_NONNULL = YES;
				CLANG_ANALYZER_NUMBER_OBJECT_CONVERSION = YES_AGGRESSIVE;
				CLANG_CXX_LANGUAGE_STANDARD = "gnu++20";
				CLANG_ENABLE_MODULES = YES;
				CLANG_ENABLE_OBJC_ARC = YES;
				CLANG_ENABLE_OBJC_WEAK = YES;
				CLANG_WARN_BLOCK_CAPTURE_AUTORELEASING = YES;
				CLANG_WARN_BOOL_CONVERSION = YES;
				CLANG_WARN_COMMA = YES;
				CLANG_WARN_CONSTANT_CONVERSION = YES;
				CLANG_WARN_DEPRECATED_OBJC_IMPLEMENTATIONS = YES;
				CLANG_WARN_DIRECT_OBJC_ISA_USAGE = YES_ERROR;
				CLANG_WARN_DOCUMENTATION_COMMENTS = YES;
				CLANG_WARN_EMPTY_BODY = YES;
				CLANG_WARN_ENUM_CONVERSION = YES;
				CLANG_WARN_INFINITE_RECURSION = YES;
				CLANG_WARN_INT_CONVERSION = YES;
				CLANG_WARN_NON_LITERAL_NULL_CONVERSION = YES;
				CLANG_WARN_OBJC_IMPLICIT_RETAIN_SELF = YES;
				CLANG_WARN_OBJC_LITERAL_CONVERSION = YES;
				CLANG_WARN_OBJC_ROOT_CLASS = YES_ERROR;
				CLANG_WARN_QUOTED_INCLUDE_IN_FRAMEWORK_HEADER = YES;
				CLANG_WARN_RANGE_LOOP_ANALYSIS = YES;
				CLANG_WARN_STRICT_PROTOTYPES = YES;
				CLANG_WARN_SUSPICIOUS_MOVE = YES;
				CLANG_WARN_UNGUARDED_AVAILABILITY = YES_AGGRESSIVE;
				CLANG_WARN_UNREACHABLE_CODE = YES;
				CLANG_WARN__DUPLICATE_METHOD_MATCH = YES;
				COPY_PHASE_STRIP = NO;
				DEBUG_INFORMATION_FORMAT = "dwarf-with-dsym";
				ENABLE_NS_ASSERTIONS = NO;
				ENABLE_STRICT_OBJC_MSGSEND = YES;
				ENABLE_USER_SCRIPT_SANDBOXING = YES;
				GCC_C_LANGUAGE_STANDARD = gnu17;
				GCC_NO_COMMON_BLOCKS = YES;
				GCC_WARN_64_TO_32_BIT_CONVERSION = YES;
				GCC_WARN_ABOUT_RETURN_TYPE = YES_ERROR;
				GCC_WARN_UNDECLARED_SELECTOR = YES;
				GCC_WARN_UNINITIALIZED_AUTOS = YES_AGGRESSIVE;
				GCC_WARN_UNUSED_FUNCTION = YES;
				GCC_WARN_UNUSED_VARIABLE = YES;
				LOCALIZATION_PREFERS_STRING_CATALOGS = YES;
				MTL_ENABLE_DEBUG_INFO = NO;
				MTL_FAST_MATH = YES;
				SWIFT_COMPILATION_MODE = wholemodule;
			};
			name = Release;
		};
		CE9FA54A2BA7CEB700F25504 /* Debug */ = {
			isa = XCBuildConfiguration;
			buildSettings = {
				ASSETCATALOG_COMPILER_APPICON_NAME = AppIcon;
				ASSETCATALOG_COMPILER_GLOBAL_ACCENT_COLOR_NAME = AccentColor;
				CODE_SIGN_ENTITLEMENTS = MapDestinationV2/MapDestinationV2.entitlements;
				CODE_SIGN_STYLE = Automatic;
				CURRENT_PROJECT_VERSION = 1;
				DEVELOPMENT_ASSET_PATHS = "\"MapDestinationV2/Preview Content\"";
				ENABLE_PREVIEWS = YES;
				GENERATE_INFOPLIST_FILE = YES;
				"INFOPLIST_KEY_UIApplicationSceneManifest_Generation[sdk=iphoneos*]" = YES;
				"INFOPLIST_KEY_UIApplicationSceneManifest_Generation[sdk=iphonesimulator*]" = YES;
				"INFOPLIST_KEY_UIApplicationSupportsIndirectInputEvents[sdk=iphoneos*]" = YES;
				"INFOPLIST_KEY_UIApplicationSupportsIndirectInputEvents[sdk=iphonesimulator*]" = YES;
				"INFOPLIST_KEY_UILaunchScreen_Generation[sdk=iphoneos*]" = YES;
				"INFOPLIST_KEY_UILaunchScreen_Generation[sdk=iphonesimulator*]" = YES;
				"INFOPLIST_KEY_UIStatusBarStyle[sdk=iphoneos*]" = UIStatusBarStyleDefault;
				"INFOPLIST_KEY_UIStatusBarStyle[sdk=iphonesimulator*]" = UIStatusBarStyleDefault;
				INFOPLIST_KEY_UISupportedInterfaceOrientations_iPad = "UIInterfaceOrientationPortrait UIInterfaceOrientationPortraitUpsideDown UIInterfaceOrientationLandscapeLeft UIInterfaceOrientationLandscapeRight";
				INFOPLIST_KEY_UISupportedInterfaceOrientations_iPhone = "UIInterfaceOrientationPortrait UIInterfaceOrientationLandscapeLeft UIInterfaceOrientationLandscapeRight";
				IPHONEOS_DEPLOYMENT_TARGET = 17.4;
				LD_RUNPATH_SEARCH_PATHS = "@executable_path/Frameworks";
				"LD_RUNPATH_SEARCH_PATHS[sdk=macosx*]" = "@executable_path/../Frameworks";
				MACOSX_DEPLOYMENT_TARGET = 14.0;
				MARKETING_VERSION = 1.0;
				PRODUCT_BUNDLE_IDENTIFIER = fawaz.MapDestinationV2;
				PRODUCT_NAME = "$(TARGET_NAME)";
				SDKROOT = auto;
				SUPPORTED_PLATFORMS = "iphoneos iphonesimulator macosx";
				SWIFT_EMIT_LOC_STRINGS = YES;
				SWIFT_VERSION = 5.0;
				TARGETED_DEVICE_FAMILY = "1,2";
			};
			name = Debug;
		};
		CE9FA54B2BA7CEB700F25504 /* Release */ = {
			isa = XCBuildConfiguration;
			buildSettings = {
				ASSETCATALOG_COMPILER_APPICON_NAME = AppIcon;
				ASSETCATALOG_COMPILER_GLOBAL_ACCENT_COLOR_NAME = AccentColor;
				CODE_SIGN_ENTITLEMENTS = MapDestinationV2/MapDestinationV2.entitlements;
				CODE_SIGN_STYLE = Automatic;
				CURRENT_PROJECT_VERSION = 1;
				DEVELOPMENT_ASSET_PATHS = "\"MapDestinationV2/Preview Content\"";
				ENABLE_PREVIEWS = YES;
				GENERATE_INFOPLIST_FILE = YES;
				"INFOPLIST_KEY_UIApplicationSceneManifest_Generation[sdk=iphoneos*]" = YES;
				"INFOPLIST_KEY_UIApplicationSceneManifest_Generation[sdk=iphonesimulator*]" = YES;
				"INFOPLIST_KEY_UIApplicationSupportsIndirectInputEvents[sdk=iphoneos*]" = YES;
				"INFOPLIST_KEY_UIApplicationSupportsIndirectInputEvents[sdk=iphonesimulator*]" = YES;
				"INFOPLIST_KEY_UILaunchScreen_Generation[sdk=iphoneos*]" = YES;
				"INFOPLIST_KEY_UILaunchScreen_Generation[sdk=iphonesimulator*]" = YES;
				"INFOPLIST_KEY_UIStatusBarStyle[sdk=iphoneos*]" = UIStatusBarStyleDefault;
				"INFOPLIST_KEY_UIStatusBarStyle[sdk=iphonesimulator*]" = UIStatusBarStyleDefault;
				INFOPLIST_KEY_UISupportedInterfaceOrientations_iPad = "UIInterfaceOrientationPortrait UIInterfaceOrientationPortraitUpsideDown UIInterfaceOrientationLandscapeLeft UIInterfaceOrientationLandscapeRight";
				INFOPLIST_KEY_UISupportedInterfaceOrientations_iPhone = "UIInterfaceOrientationPortrait UIInterfaceOrientationLandscapeLeft UIInterfaceOrientationLandscapeRight";
				IPHONEOS_DEPLOYMENT_TARGET = 17.4;
				LD_RUNPATH_SEARCH_PATHS = "@executable_path/Frameworks";
				"LD_RUNPATH_SEARCH_PATHS[sdk=macosx*]" = "@executable_path/../Frameworks";
				MACOSX_DEPLOYMENT_TARGET = 14.0;
				MARKETING_VERSION = 1.0;
				PRODUCT_BUNDLE_IDENTIFIER = fawaz.MapDestinationV2;
				PRODUCT_NAME = "$(TARGET_NAME)";
				SDKROOT = auto;
				SUPPORTED_PLATFORMS = "iphoneos iphonesimulator macosx";
				SWIFT_EMIT_LOC_STRINGS = YES;
				SWIFT_VERSION = 5.0;
				TARGETED_DEVICE_FAMILY = "1,2";
			};
			name = Release;
		};
/* End XCBuildConfiguration section */

/* Begin XCConfigurationList section */
		CE9FA5332BA7CEB400F25504 /* Build configuration list for PBXProject "MapDestinationV2" */ = {
			isa = XCConfigurationList;
			buildConfigurations = (
				CE9FA5472BA7CEB700F25504 /* Debug */,
				CE9FA5482BA7CEB700F25504 /* Release */,
			);
			defaultConfigurationIsVisible = 0;
			defaultConfigurationName = Release;
		};
		CE9FA5492BA7CEB700F25504 /* Build configuration list for PBXNativeTarget "MapDestinationV2" */ = {
			isa = XCConfigurationList;
			buildConfigurations = (
				CE9FA54A2BA7CEB700F25504 /* Debug */,
				CE9FA54B2BA7CEB700F25504 /* Release */,
			);
			defaultConfigurationIsVisible = 0;
			defaultConfigurationName = Release;
		};
/* End XCConfigurationList section */
	};
	rootObject = CE9FA5302BA7CEB400F25504 /* Project object */;
}
